
Microsoft Visual Studio Solution File, Format Version 12.00
# Visual Studio 2013
VisualStudioVersion = 12.0.30723.0
MinimumVisualStudioVersion = 10.0.40219.1
Project("{FAE04EC0-301F-11D3-BF4B-00C04F79EFBC}") = "ElAhorcado", "ElAhorcado\ElAhorcado.csproj", "{94C58591-AEA8-4B6F-9148-5A716A27EA7F}"
EndProject
Project("{FAE04EC0-301F-11D3-BF4B-00C04F79EFBC}") = "ElAhorcado2", "ElAhorcado2\ElAhorcado2.csproj", "{CFF2310B-4BF3-42A9-B216-6161740D7310}"
EndProject
Global
	GlobalSection(SolutionConfigurationPlatforms) = preSolution
		Debug|Any CPU = Debug|Any CPU
		Release|Any CPU = Release|Any CPU
	EndGlobalSection
	GlobalSection(ProjectConfigurationPlatforms) = postSolution
		{94C58591-AEA8-4B6F-9148-5A716A27EA7F}.Debug|Any CPU.ActiveCfg = Debug|Any CPU
		{94C58591-AEA8-4B6F-9148-5A716A27EA7F}.Debug|Any CPU.Build.0 = Debug|Any CPU
		{94C58591-AEA8-4B6F-9148-5A716A27EA7F}.Release|Any CPU.ActiveCfg = Release|Any CPU
		{94C58591-AEA8-4B6F-9148-5A716A27EA7F}.Release|Any CPU.Build.0 = Release|Any CPU
		{CFF2310B-4BF3-42A9-B216-6161740D7310}.Debug|Any CPU.ActiveCfg = Debug|Any CPU
		{CFF2310B-4BF3-42A9-B216-6161740D7310}.Debug|Any CPU.Build.0 = Debug|Any CPU
		{CFF2310B-4BF3-42A9-B216-6161740D7310}.Release|Any CPU.ActiveCfg = Release|Any CPU
		{CFF2310B-4BF3-42A9-B216-6161740D7310}.Release|Any CPU.Build.0 = Release|Any CPU
	EndGlobalSection
	GlobalSection(SolutionProperties) = preSolution
		HideSolutionNode = FALSE
	EndGlobalSection
EndGlobal
